
Microsoft Visual Studio Solution File, Format Version 12.00
# Visual Studio Version 17
VisualStudioVersion = 17.0.31903.59
MinimumVisualStudioVersion = 10.0.40219.1
Project("{2150E333-8FDC-42A3-9474-1A3956D46DE8}") = "src", "src", "{827E0CD3-B72D-47B6-A68D-7590B98EB39B}"
EndProject
Project("{FAE04EC0-301F-11D3-BF4B-00C04F79EFBC}") = "WinToolBox.Core", "src\WinToolBox.Core\WinToolBox.Core.csproj", "{C82327E6-3317-4DAC-9A38-BB311F4F8EB7}"
EndProject
Project("{2150E333-8FDC-42A3-9474-1A3956D46DE8}") = "Tools", "Tools", "{DCB6FCB8-FF92-AC57-0842-1F72A354D6B1}"
EndProject
Project("{FAE04EC0-301F-11D3-BF4B-00C04F79EFBC}") = "UsbBackup", "src\Tools\UsbBackup\UsbBackup.csproj", "{94A909F9-5F4B-456B-BA1A-61ABA36278AE}"
EndProject
Project("{2150E333-8FDC-42A3-9474-1A3956D46DE8}") = "tests", "tests", "{0AB3BF05-4346-4AA6-1389-037BE0695223}"
EndProject
Project("{FAE04EC0-301F-11D3-BF4B-00C04F79EFBC}") = "WinToolBox.Core.Tests", "tests\WinToolBox.Core.Tests\WinToolBox.Core.Tests.csproj", "{68592DE5-F3AD-4C7A-85BE-9EB68AAD314D}"
EndProject
Global
	GlobalSection(SolutionConfigurationPlatforms) = preSolution
		Debug|Any CPU = Debug|Any CPU
		Debug|x64 = Debug|x64
		Debug|x86 = Debug|x86
		Release|Any CPU = Release|Any CPU
		Release|x64 = Release|x64
		Release|x86 = Release|x86
	EndGlobalSection
	GlobalSection(ProjectConfigurationPlatforms) = postSolution
		{C82327E6-3317-4DAC-9A38-BB311F4F8EB7}.Debug|Any CPU.ActiveCfg = Debug|Any CPU
		{C82327E6-3317-4DAC-9A38-BB311F4F8EB7}.Debug|Any CPU.Build.0 = Debug|Any CPU
		{C82327E6-3317-4DAC-9A38-BB311F4F8EB7}.Debug|x64.ActiveCfg = Debug|Any CPU
		{C82327E6-3317-4DAC-9A38-BB311F4F8EB7}.Debug|x64.Build.0 = Debug|Any CPU
		{C82327E6-3317-4DAC-9A38-BB311F4F8EB7}.Debug|x86.ActiveCfg = Debug|Any CPU
		{C82327E6-3317-4DAC-9A38-BB311F4F8EB7}.Debug|x86.Build.0 = Debug|Any CPU
		{C82327E6-3317-4DAC-9A38-BB311F4F8EB7}.Release|Any CPU.ActiveCfg = Release|Any CPU
		{C82327E6-3317-4DAC-9A38-BB311F4F8EB7}.Release|Any CPU.Build.0 = Release|Any CPU
		{C82327E6-3317-4DAC-9A38-BB311F4F8EB7}.Release|x64.ActiveCfg = Release|Any CPU
		{C82327E6-3317-4DAC-9A38-BB311F4F8EB7}.Release|x64.Build.0 = Release|Any CPU
		{C82327E6-3317-4DAC-9A38-BB311F4F8EB7}.Release|x86.ActiveCfg = Release|Any CPU
		{C82327E6-3317-4DAC-9A38-BB311F4F8EB7}.Release|x86.Build.0 = Release|Any CPU
		{94A909F9-5F4B-456B-BA1A-61ABA36278AE}.Debug|Any CPU.ActiveCfg = Debug|Any CPU
		{94A909F9-5F4B-456B-BA1A-61ABA36278AE}.Debug|Any CPU.Build.0 = Debug|Any CPU
		{94A909F9-5F4B-456B-BA1A-61ABA36278AE}.Debug|x64.ActiveCfg = Debug|Any CPU
		{94A909F9-5F4B-456B-BA1A-61ABA36278AE}.Debug|x64.Build.0 = Debug|Any CPU
		{94A909F9-5F4B-456B-BA1A-61ABA36278AE}.Debug|x86.ActiveCfg = Debug|Any CPU
		{94A909F9-5F4B-456B-BA1A-61ABA36278AE}.Debug|x86.Build.0 = Debug|Any CPU
		{94A909F9-5F4B-456B-BA1A-61ABA36278AE}.Release|Any CPU.ActiveCfg = Release|Any CPU
		{94A909F9-5F4B-456B-BA1A-61ABA36278AE}.Release|Any CPU.Build.0 = Release|Any CPU
		{94A909F9-5F4B-456B-BA1A-61ABA36278AE}.Release|x64.ActiveCfg = Release|Any CPU
		{94A909F9-5F4B-456B-BA1A-61ABA36278AE}.Release|x64.Build.0 = Release|Any CPU
		{94A909F9-5F4B-456B-BA1A-61ABA36278AE}.Release|x86.ActiveCfg = Release|Any CPU
		{94A909F9-5F4B-456B-BA1A-61ABA36278AE}.Release|x86.Build.0 = Release|Any CPU
		{68592DE5-F3AD-4C7A-85BE-9EB68AAD314D}.Debug|Any CPU.ActiveCfg = Debug|Any CPU
		{68592DE5-F3AD-4C7A-85BE-9EB68AAD314D}.Debug|Any CPU.Build.0 = Debug|Any CPU
		{68592DE5-F3AD-4C7A-85BE-9EB68AAD314D}.Debug|x64.ActiveCfg = Debug|Any CPU
		{68592DE5-F3AD-4C7A-85BE-9EB68AAD314D}.Debug|x64.Build.0 = Debug|Any CPU
		{68592DE5-F3AD-4C7A-85BE-9EB68AAD314D}.Debug|x86.ActiveCfg = Debug|Any CPU
		{68592DE5-F3AD-4C7A-85BE-9EB68AAD314D}.Debug|x86.Build.0 = Debug|Any CPU
		{68592DE5-F3AD-4C7A-85BE-9EB68AAD314D}.Release|Any CPU.ActiveCfg = Release|Any CPU
		{68592DE5-F3AD-4C7A-85BE-9EB68AAD314D}.Release|Any CPU.Build.0 = Release|Any CPU
		{68592DE5-F3AD-4C7A-85BE-9EB68AAD314D}.Release|x64.ActiveCfg = Release|Any CPU
		{68592DE5-F3AD-4C7A-85BE-9EB68AAD314D}.Release|x64.Build.0 = Release|Any CPU
		{68592DE5-F3AD-4C7A-85BE-9EB68AAD314D}.Release|x86.ActiveCfg = Release|Any CPU
		{68592DE5-F3AD-4C7A-85BE-9EB68AAD314D}.Release|x86.Build.0 = Release|Any CPU
	EndGlobalSection
	GlobalSection(SolutionProperties) = preSolution
		HideSolutionNode = FALSE
	EndGlobalSection
	GlobalSection(NestedProjects) = preSolution
		{C82327E6-3317-4DAC-9A38-BB311F4F8EB7} = {827E0CD3-B72D-47B6-A68D-7590B98EB39B}
		{DCB6FCB8-FF92-AC57-0842-1F72A354D6B1} = {827E0CD3-B72D-47B6-A68D-7590B98EB39B}
		{94A909F9-5F4B-456B-BA1A-61ABA36278AE} = {DCB6FCB8-FF92-AC57-0842-1F72A354D6B1}
		{68592DE5-F3AD-4C7A-85BE-9EB68AAD314D} = {0AB3BF05-4346-4AA6-1389-037BE0695223}
	EndGlobalSection
EndGlobal
